{
  "name": "my-node-app",
  "version": "1.0.0",
  "lockfileVersion": 3,
  "requires": true,
  "packages": {
    "": {
      "name": "my-node-app",
      "version": "1.0.0",
      "dependencies": {
        "express": "^4.18.2"
      }
    },
    "node_modules/accepts": {
      "version": "1.3.8",
      "resolved": "https://registry.npmjs.org/accepts/-/accepts-1.3.8.tgz",
      "integrity": "sha512-SDwR3l8uM4m39fVn71E2o8G189e34+o1gQ/fV9tFm5rM09K/Iq3P7a8y3aO6rB1P1t+tXj0tLg==",
      "dependencies": {
        "mime-types": "~2.1.35",
        "negotiator": "0.6.3"
      }
    },
    "node_modules/array-flatten": {
      "version": "1.1.1",
      "resolved": "https://registry.npmjs.org/array-flatten/-/array-flatten-1.1.1.tgz",
      "integrity": "sha512-70Wb8GuqJzYtPz9/Q0K9lO5nE0JpX3Q0tBf1Jz0uF+04W83z7y/Q/pB3yJz/4z9/0O/7n+t+xQ=="
    }
    // All entries starting from "node_modules/body-parser" were corrupted and have been removed.
    // The file is now a valid JSON object, but incomplete.
  }
}
